
Microsoft Visual Studio Solution File, Format Version 12.00
# Visual Studio Version 16
VisualStudioVersion = 16.0.32106.194
MinimumVisualStudioVersion = 10.0.40219.1
Project("{FAE04EC0-301F-11D3-BF4B-00C04F79EFBC}") = "ExampleSystem", "ExampleSystem\ExampleSystem.csproj", "{1967FD1E-A311-44D6-814F-96D90268040B}"
EndProject
Project("{FAE04EC0-301F-11D3-BF4B-00C04F79EFBC}") = "UnitTestExampleSyatem", "UnitTestExampleSyatem\UnitTestExampleSyatem.csproj", "{8E4A49D4-B095-4CEC-9CAA-8841838E0BA6}"
EndProject
Global
	GlobalSection(SolutionConfigurationPlatforms) = preSolution
		Debug|Any CPU = Debug|Any CPU
		Release|Any CPU = Release|Any CPU
	EndGlobalSection
	GlobalSection(ProjectConfigurationPlatforms) = postSolution
		{1967FD1E-A311-44D6-814F-96D90268040B}.Debug|Any CPU.ActiveCfg = Debug|Any CPU
		{1967FD1E-A311-44D6-814F-96D90268040B}.Debug|Any CPU.Build.0 = Debug|Any CPU
		{1967FD1E-A311-44D6-814F-96D90268040B}.Release|Any CPU.ActiveCfg = Release|Any CPU
		{1967FD1E-A311-44D6-814F-96D90268040B}.Release|Any CPU.Build.0 = Release|Any CPU
		{8E4A49D4-B095-4CEC-9CAA-8841838E0BA6}.Debug|Any CPU.ActiveCfg = Debug|Any CPU
		{8E4A49D4-B095-4CEC-9CAA-8841838E0BA6}.Debug|Any CPU.Build.0 = Debug|Any CPU
		{8E4A49D4-B095-4CEC-9CAA-8841838E0BA6}.Release|Any CPU.ActiveCfg = Release|Any CPU
		{8E4A49D4-B095-4CEC-9CAA-8841838E0BA6}.Release|Any CPU.Build.0 = Release|Any CPU
	EndGlobalSection
	GlobalSection(SolutionProperties) = preSolution
		HideSolutionNode = FALSE
	EndGlobalSection
	GlobalSection(ExtensibilityGlobals) = postSolution
		SolutionGuid = {4E873AA1-B5BD-4E2E-8EB0-DDEAE3B105D7}
	EndGlobalSection
EndGlobal
